// !$*UTF8*$!
{
	archiveVersion = 1;
	classes = {
	};
	objectVersion = 46;
	objects = {

/* Begin PBXBuildFile section */
		A17ECE8817F7D9E900486ABE /* backgroundgradient.png in Resources */ = {isa = PBXBuildFile; fileRef = A17ECE6B17F7D9E900486ABE /* backgroundgradient.png */; };
		A17ECE8917F7D9E900486ABE /* helmet.png in Resources */ = {isa = PBXBuildFile; fileRef = A17ECE6C17F7D9E900486ABE /* helmet.png */; };
		A17ECE8A17F7D9E900486ABE /* helmet3.png in Resources */ = {isa = PBXBuildFile; fileRef = A17ECE6D17F7D9E900486ABE /* helmet3.png */; };
		A17ECE8B17F7D9E900486ABE /* icon.psd in Resources */ = {isa = PBXBuildFile; fileRef = A17ECE6E17F7D9E900486ABE /* icon.psd */; };
		A17ECE8C17F7D9E900486ABE /* league_screen_0000_TEST-LEAGUE.png in Resources */ = {isa = PBXBuildFile; fileRef = A17ECE6F17F7D9E900486ABE /* league_screen_0000_TEST-LEAGUE.png */; };
		A17ECE8D17F7D9E900486ABE /* league_screen_0001_Layer-11.png in Resources */ = {isa = PBXBuildFile; fileRef = A17ECE7017F7D9E900486ABE /* league_screen_0001_Layer-11.png */; };
		A17ECE8E17F7D9E900486ABE /* league_screen_0002_Layer-8.png in Resources */ = {isa = PBXBuildFile; fileRef = A17ECE7117F7D9E900486ABE /* league_screen_0002_Layer-8.png */; };
		A17ECE8F17F7D9E900486ABE /* league_screen.png in Resources */ = {isa = PBXBuildFile; fileRef = A17ECE7217F7D9E900486ABE /* league_screen.png */; };
		A17ECE9017F7D9E900486ABE /* player_screen_0000_by-Aeon-Creations-.png in Resources */ = {isa = PBXBuildFile; fileRef = A17ECE7317F7D9E900486ABE /* player_screen_0000_by-Aeon-Creations-.png */; };
		A17ECE9117F7D9E900486ABE /* player_screen_0000_Layer-3.png in Resources */ = {isa = PBXBuildFile; fileRef = A17ECE7417F7D9E900486ABE /* player_screen_0000_Layer-3.png */; };
		A17ECE9217F7D9E900486ABE /* player_screen_0001_Layer-3-copy.png in Resources */ = {isa = PBXBuildFile; fileRef = A17ECE7517F7D9E900486ABE /* player_screen_0001_Layer-3-copy.png */; };
		A17ECE9317F7D9E900486ABE /* player_screen_0002_Layer-5.png in Resources */ = {isa = PBXBuildFile; fileRef = A17ECE7617F7D9E900486ABE /* player_screen_0002_Layer-5.png */; };
		A17ECE9417F7D9E900486ABE /* player_screen_0003_Layer-4.png in Resources */ = {isa = PBXBuildFile; fileRef = A17ECE7717F7D9E900486ABE /* player_screen_0003_Layer-4.png */; };
		A17ECE9517F7D9E900486ABE /* player_screen.png in Resources */ = {isa = PBXBuildFile; fileRef = A17ECE7817F7D9E900486ABE /* player_screen.png */; };
		A17ECE9617F7D9E900486ABE /* scoreboardicon.png in Resources */ = {isa = PBXBuildFile; fileRef = A17ECE7917F7D9E900486ABE /* scoreboardicon.png */; };
		A17ECE9717F7D9E900486ABE /* scoreboardicon2.png in Resources */ = {isa = PBXBuildFile; fileRef = A17ECE7A17F7D9E900486ABE /* scoreboardicon2.png */; };
		A17ECE9817F7D9E900486ABE /* splash_screen_0000_by-Aeon-Creations-.png in Resources */ = {isa = PBXBuildFile; fileRef = A17ECE7B17F7D9E900486ABE /* splash_screen_0000_by-Aeon-Creations-.png */; };
		A17ECE9917F7D9E900486ABE /* splash_screen_0000_TEST-LEAGUE.png in Resources */ = {isa = PBXBuildFile; fileRef = A17ECE7C17F7D9E900486ABE /* splash_screen_0000_TEST-LEAGUE.png */; };
		A17ECE9A17F7D9E900486ABE /* splash_screen_0001_Layer-3-copy.png in Resources */ = {isa = PBXBuildFile; fileRef = A17ECE7D17F7D9E900486ABE /* splash_screen_0001_Layer-3-copy.png */; };
		A17ECE9B17F7D9E900486ABE /* splash_screen_0001_Layer-11.png in Resources */ = {isa = PBXBuildFile; fileRef = A17ECE7E17F7D9E900486ABE /* splash_screen_0001_Layer-11.png */; };
		A17ECE9C17F7D9E900486ABE /* splash_screen_0002_Layer-5.png in Resources */ = {isa = PBXBuildFile; fileRef = A17ECE7F17F7D9E900486ABE /* splash_screen_0002_Layer-5.png */; };
		A17ECE9D17F7D9E900486ABE /* splash_screen_0002_Layer-8.png in Resources */ = {isa = PBXBuildFile; fileRef = A17ECE8017F7D9E900486ABE /* splash_screen_0002_Layer-8.png */; };
		A17ECE9E17F7D9E900486ABE /* splash_screen_0003_Layer-4.png in Resources */ = {isa = PBXBuildFile; fileRef = A17ECE8117F7D9E900486ABE /* splash_screen_0003_Layer-4.png */; };
		A17ECE9F17F7D9E900486ABE /* splash_screen_0004_Background.png in Resources */ = {isa = PBXBuildFile; fileRef = A17ECE8217F7D9E900486ABE /* splash_screen_0004_Background.png */; };
		A17ECEA017F7D9E900486ABE /* splash_screen_0004_Layer-3.png in Resources */ = {isa = PBXBuildFile; fileRef = A17ECE8317F7D9E900486ABE /* splash_screen_0004_Layer-3.png */; };
		A17ECEA117F7D9E900486ABE /* splash_screen_0006_Layer-9.png in Resources */ = {isa = PBXBuildFile; fileRef = A17ECE8417F7D9E900486ABE /* splash_screen_0006_Layer-9.png */; };
		A17ECEA217F7D9E900486ABE /* splash_screen_0007_Layer-10.png in Resources */ = {isa = PBXBuildFile; fileRef = A17ECE8517F7D9E900486ABE /* splash_screen_0007_Layer-10.png */; };
		A17ECEA317F7D9E900486ABE /* splash_screen_0008_Layer-8-copy-5.png in Resources */ = {isa = PBXBuildFile; fileRef = A17ECE8617F7D9E900486ABE /* splash_screen_0008_Layer-8-copy-5.png */; };
		A17ECEA417F7D9E900486ABE /* topyahoobar.png in Resources */ = {isa = PBXBuildFile; fileRef = A17ECE8717F7D9E900486ABE /* topyahoobar.png */; };
		A17ECEA817F834C500486ABE /* image3.jpg in Resources */ = {isa = PBXBuildFile; fileRef = A17ECEA517F834C500486ABE /* image3.jpg */; };
		A17ECEA917F834C500486ABE /* image2.jpg in Resources */ = {isa = PBXBuildFile; fileRef = A17ECEA617F834C500486ABE /* image2.jpg */; };
		A17ECEAA17F834C500486ABE /* image1.jpg in Resources */ = {isa = PBXBuildFile; fileRef = A17ECEA717F834C500486ABE /* image1.jpg */; };
		A1D3B49A17F74E9C007E96E7 /* UIKit.framework in Frameworks */ = {isa = PBXBuildFile; fileRef = A1D3B49917F74E9C007E96E7 /* UIKit.framework */; };
		A1D3B49C17F74E9C007E96E7 /* Foundation.framework in Frameworks */ = {isa = PBXBuildFile; fileRef = A1D3B49B17F74E9C007E96E7 /* Foundation.framework */; };
		A1D3B49E17F74E9C007E96E7 /* CoreGraphics.framework in Frameworks */ = {isa = PBXBuildFile; fileRef = A1D3B49D17F74E9C007E96E7 /* CoreGraphics.framework */; };
		A1D3B4A417F74E9C007E96E7 /* InfoPlist.strings in Resources */ = {isa = PBXBuildFile; fileRef = A1D3B4A217F74E9C007E96E7 /* InfoPlist.strings */; };
		A1D3B4A617F74E9C007E96E7 /* main.m in Sources */ = {isa = PBXBuildFile; fileRef = A1D3B4A517F74E9C007E96E7 /* main.m */; };
		A1D3B4AA17F74E9C007E96E7 /* HypeSwipeAppDelegate.m in Sources */ = {isa = PBXBuildFile; fileRef = A1D3B4A917F74E9C007E96E7 /* HypeSwipeAppDelegate.m */; };
		A1D3B4AC17F74E9C007E96E7 /* Default.png in Resources */ = {isa = PBXBuildFile; fileRef = A1D3B4AB17F74E9C007E96E7 /* Default.png */; };
		A1D3B4AE17F74E9C007E96E7 /* Default@2x.png in Resources */ = {isa = PBXBuildFile; fileRef = A1D3B4AD17F74E9C007E96E7 /* Default@2x.png */; };
		A1D3B4B017F74E9C007E96E7 /* Default-568h@2x.png in Resources */ = {isa = PBXBuildFile; fileRef = A1D3B4AF17F74E9C007E96E7 /* Default-568h@2x.png */; };
		A1D3B4B317F74E9C007E96E7 /* MainStoryboard.storyboard in Resources */ = {isa = PBXBuildFile; fileRef = A1D3B4B117F74E9C007E96E7 /* MainStoryboard.storyboard */; };
		A1D3B4BE17F75072007E96E7 /* Player.m in Sources */ = {isa = PBXBuildFile; fileRef = A1D3B4BD17F75072007E96E7 /* Player.m */; };
		A1D3B4C217F750C4007E96E7 /* PlayerDatabase.m in Sources */ = {isa = PBXBuildFile; fileRef = A1D3B4C117F750C4007E96E7 /* PlayerDatabase.m */; };
		A1D3B4C517F750DF007E96E7 /* HypeSwipeGame.m in Sources */ = {isa = PBXBuildFile; fileRef = A1D3B4C417F750DF007E96E7 /* HypeSwipeGame.m */; };
		A1D3B4C817F7511C007E96E7 /* PlayerView.m in Sources */ = {isa = PBXBuildFile; fileRef = A1D3B4C717F7511C007E96E7 /* PlayerView.m */; };
		A1D3B4CB17F75177007E96E7 /* HypeSwipeGameView.m in Sources */ = {isa = PBXBuildFile; fileRef = A1D3B4CA17F75177007E96E7 /* HypeSwipeGameView.m */; };
		A1D3B4CE17F751A7007E96E7 /* HypeSwipeGameVC.m in Sources */ = {isa = PBXBuildFile; fileRef = A1D3B4CD17F751A7007E96E7 /* HypeSwipeGameVC.m */; };
		A1D3B4D117F75C03007E96E7 /* ScoreboardTVC.m in Sources */ = {isa = PBXBuildFile; fileRef = A1D3B4D017F75C03007E96E7 /* ScoreboardTVC.m */; };
		B71F8A7917F8423800F6BDC6 /* backgroundgradient.png in Resources */ = {isa = PBXBuildFile; fileRef = B71F8A5E17F8423800F6BDC6 /* backgroundgradient.png */; };
		B71F8A7A17F8423800F6BDC6 /* icon.psd in Resources */ = {isa = PBXBuildFile; fileRef = B71F8A5F17F8423800F6BDC6 /* icon.psd */; };
		B71F8A7B17F8423800F6BDC6 /* league_screen_0000_TEST-LEAGUE.png in Resources */ = {isa = PBXBuildFile; fileRef = B71F8A6017F8423800F6BDC6 /* league_screen_0000_TEST-LEAGUE.png */; };
		B71F8A7C17F8423800F6BDC6 /* league_screen_0001_Layer-11.png in Resources */ = {isa = PBXBuildFile; fileRef = B71F8A6117F8423800F6BDC6 /* league_screen_0001_Layer-11.png */; };
		B71F8A7D17F8423800F6BDC6 /* league_screen_0002_Layer-8.png in Resources */ = {isa = PBXBuildFile; fileRef = B71F8A6217F8423800F6BDC6 /* league_screen_0002_Layer-8.png */; };
		B71F8A7E17F8423800F6BDC6 /* league_screen.png in Resources */ = {isa = PBXBuildFile; fileRef = B71F8A6317F8423800F6BDC6 /* league_screen.png */; };
		B71F8A7F17F8423800F6BDC6 /* player_screen_0000_by-Aeon-Creations-.png in Resources */ = {isa = PBXBuildFile; fileRef = B71F8A6417F8423800F6BDC6 /* player_screen_0000_by-Aeon-Creations-.png */; };
		B71F8A8017F8423800F6BDC6 /* player_screen_0000_Layer-3.png in Resources */ = {isa = PBXBuildFile; fileRef = B71F8A6517F8423800F6BDC6 /* player_screen_0000_Layer-3.png */; };
		B71F8A8117F8423800F6BDC6 /* player_screen_0001_Layer-3-copy.png in Resources */ = {isa = PBXBuildFile; fileRef = B71F8A6617F8423800F6BDC6 /* player_screen_0001_Layer-3-copy.png */; };
		B71F8A8217F8423800F6BDC6 /* player_screen_0002_Layer-5.png in Resources */ = {isa = PBXBuildFile; fileRef = B71F8A6717F8423800F6BDC6 /* player_screen_0002_Layer-5.png */; };
		B71F8A8317F8423800F6BDC6 /* player_screen_0003_Layer-4.png in Resources */ = {isa = PBXBuildFile; fileRef = B71F8A6817F8423800F6BDC6 /* player_screen_0003_Layer-4.png */; };
		B71F8A8417F8423800F6BDC6 /* player_screen.png in Resources */ = {isa = PBXBuildFile; fileRef = B71F8A6917F8423800F6BDC6 /* player_screen.png */; };
		B71F8A8517F8423800F6BDC6 /* scoreboard_background2.png in Resources */ = {isa = PBXBuildFile; fileRef = B71F8A6A17F8423800F6BDC6 /* scoreboard_background2.png */; };
		B71F8A8617F8423800F6BDC6 /* scoreboard.png in Resources */ = {isa = PBXBuildFile; fileRef = B71F8A6B17F8423800F6BDC6 /* scoreboard.png */; };
		B71F8A8717F8423800F6BDC6 /* splash_screen_0000_by-Aeon-Creations-.png in Resources */ = {isa = PBXBuildFile; fileRef = B71F8A6C17F8423800F6BDC6 /* splash_screen_0000_by-Aeon-Creations-.png */; };
		B71F8A8817F8423800F6BDC6 /* splash_screen_0000_TEST-LEAGUE.png in Resources */ = {isa = PBXBuildFile; fileRef = B71F8A6D17F8423800F6BDC6 /* splash_screen_0000_TEST-LEAGUE.png */; };
		B71F8A8917F8423800F6BDC6 /* splash_screen_0001_Layer-3-copy.png in Resources */ = {isa = PBXBuildFile; fileRef = B71F8A6E17F8423800F6BDC6 /* splash_screen_0001_Layer-3-copy.png */; };
		B71F8A8A17F8423800F6BDC6 /* splash_screen_0001_Layer-11.png in Resources */ = {isa = PBXBuildFile; fileRef = B71F8A6F17F8423800F6BDC6 /* splash_screen_0001_Layer-11.png */; };
		B71F8A8B17F8423800F6BDC6 /* splash_screen_0002_Layer-5.png in Resources */ = {isa = PBXBuildFile; fileRef = B71F8A7017F8423800F6BDC6 /* splash_screen_0002_Layer-5.png */; };
		B71F8A8C17F8423800F6BDC6 /* splash_screen_0002_Layer-8.png in Resources */ = {isa = PBXBuildFile; fileRef = B71F8A7117F8423800F6BDC6 /* splash_screen_0002_Layer-8.png */; };
		B71F8A8D17F8423800F6BDC6 /* splash_screen_0003_Layer-4.png in Resources */ = {isa = PBXBuildFile; fileRef = B71F8A7217F8423800F6BDC6 /* splash_screen_0003_Layer-4.png */; };
		B71F8A8E17F8423800F6BDC6 /* splash_screen_0004_Background.png in Resources */ = {isa = PBXBuildFile; fileRef = B71F8A7317F8423800F6BDC6 /* splash_screen_0004_Background.png */; };
		B71F8A8F17F8423800F6BDC6 /* splash_screen_0004_Layer-3.png in Resources */ = {isa = PBXBuildFile; fileRef = B71F8A7417F8423800F6BDC6 /* splash_screen_0004_Layer-3.png */; };
		B71F8A9017F8423800F6BDC6 /* splash_screen_0005_Layer-5.png in Resources */ = {isa = PBXBuildFile; fileRef = B71F8A7517F8423800F6BDC6 /* splash_screen_0005_Layer-5.png */; };
		B71F8A9117F8423800F6BDC6 /* splash_screen_0006_Layer-9.png in Resources */ = {isa = PBXBuildFile; fileRef = B71F8A7617F8423800F6BDC6 /* splash_screen_0006_Layer-9.png */; };
		B71F8A9217F8423800F6BDC6 /* splash_screen_0007_Layer-10.png in Resources */ = {isa = PBXBuildFile; fileRef = B71F8A7717F8423800F6BDC6 /* splash_screen_0007_Layer-10.png */; };
		B71F8A9317F8423800F6BDC6 /* topyahoobar.png in Resources */ = {isa = PBXBuildFile; fileRef = B71F8A7817F8423800F6BDC6 /* topyahoobar.png */; };
		B71F8A9517F8424E00F6BDC6 /* helmet.png in Resources */ = {isa = PBXBuildFile; fileRef = B71F8A9417F8424E00F6BDC6 /* helmet.png */; };
		B71F8A9717F8425B00F6BDC6 /* helmet3.png in Resources */ = {isa = PBXBuildFile; fileRef = B71F8A9617F8425B00F6BDC6 /* helmet3.png */; };
		B71F8A9917F84DE300F6BDC6 /* image1.png in Resources */ = {isa = PBXBuildFile; fileRef = B71F8A9817F84DE300F6BDC6 /* image1.png */; };
		B71F8A9B17F84DE900F6BDC6 /* image2.png in Resources */ = {isa = PBXBuildFile; fileRef = B71F8A9A17F84DE900F6BDC6 /* image2.png */; };
		B71F8A9D17F84DEE00F6BDC6 /* image3.png in Resources */ = {isa = PBXBuildFile; fileRef = B71F8A9C17F84DEE00F6BDC6 /* image3.png */; };
		B71F8AA317F8843C00F6BDC6 /* Player Images in Resources */ = {isa = PBXBuildFile; fileRef = B71F8AA217F8843C00F6BDC6 /* Player Images */; };
		B7C8C6D117F77AEB003B0FA1 /* SplashViewController.m in Sources */ = {isa = PBXBuildFile; fileRef = B7C8C6D017F77AEB003B0FA1 /* SplashViewController.m */; };
		B7C8C6D317F77B61003B0FA1 /* QuartzCore.framework in Frameworks */ = {isa = PBXBuildFile; fileRef = B7C8C6D217F77B61003B0FA1 /* QuartzCore.framework */; };
/* End PBXBuildFile section */

/* Begin PBXFileReference section */
		A17ECE6B17F7D9E900486ABE /* backgroundgradient.png */ = {isa = PBXFileReference; lastKnownFileType = image.png; name = backgroundgradient.png; path = ../../../../Downloads/hypeswipe_images/backgroundgradient.png; sourceTree = "<group>"; };
		A17ECE6C17F7D9E900486ABE /* helmet.png */ = {isa = PBXFileReference; lastKnownFileType = image.png; name = helmet.png; path = ../../../../Downloads/hypeswipe_images/helmet.png; sourceTree = "<group>"; };
		A17ECE6D17F7D9E900486ABE /* helmet3.png */ = {isa = PBXFileReference; lastKnownFileType = image.png; name = helmet3.png; path = ../../../../Downloads/hypeswipe_images/helmet3.png; sourceTree = "<group>"; };
		A17ECE6E17F7D9E900486ABE /* icon.psd */ = {isa = PBXFileReference; lastKnownFileType = file; name = icon.psd; path = ../../../../Downloads/hypeswipe_images/icon.psd; sourceTree = "<group>"; };
		A17ECE6F17F7D9E900486ABE /* league_screen_0000_TEST-LEAGUE.png */ = {isa = PBXFileReference; lastKnownFileType = image.png; name = "league_screen_0000_TEST-LEAGUE.png"; path = "../../../../Downloads/hypeswipe_images/league_screen_0000_TEST-LEAGUE.png"; sourceTree = "<group>"; };
		A17ECE7017F7D9E900486ABE /* league_screen_0001_Layer-11.png */ = {isa = PBXFileReference; lastKnownFileType = image.png; name = "league_screen_0001_Layer-11.png"; path = "../../../../Downloads/hypeswipe_images/league_screen_0001_Layer-11.png"; sourceTree = "<group>"; };
		A17ECE7117F7D9E900486ABE /* league_screen_0002_Layer-8.png */ = {isa = PBXFileReference; lastKnownFileType = image.png; name = "league_screen_0002_Layer-8.png"; path = "../../../../Downloads/hypeswipe_images/league_screen_0002_Layer-8.png"; sourceTree = "<group>"; };
		A17ECE7217F7D9E900486ABE /* league_screen.png */ = {isa = PBXFileReference; lastKnownFileType = image.png; name = league_screen.png; path = ../../../../Downloads/hypeswipe_images/league_screen.png; sourceTree = "<group>"; };
		A17ECE7317F7D9E900486ABE /* player_screen_0000_by-Aeon-Creations-.png */ = {isa = PBXFileReference; lastKnownFileType = image.png; name = "player_screen_0000_by-Aeon-Creations-.png"; path = "../../../../Downloads/hypeswipe_images/player_screen_0000_by-Aeon-Creations-.png"; sourceTree = "<group>"; };
		A17ECE7417F7D9E900486ABE /* player_screen_0000_Layer-3.png */ = {isa = PBXFileReference; lastKnownFileType = image.png; name = "player_screen_0000_Layer-3.png"; path = "../../../../Downloads/hypeswipe_images/player_screen_0000_Layer-3.png"; sourceTree = "<group>"; };
		A17ECE7517F7D9E900486ABE /* player_screen_0001_Layer-3-copy.png */ = {isa = PBXFileReference; lastKnownFileType = image.png; name = "player_screen_0001_Layer-3-copy.png"; path = "../../../../Downloads/hypeswipe_images/player_screen_0001_Layer-3-copy.png"; sourceTree = "<group>"; };
		A17ECE7617F7D9E900486ABE /* player_screen_0002_Layer-5.png */ = {isa = PBXFileReference; lastKnownFileType = image.png; name = "player_screen_0002_Layer-5.png"; path = "../../../../Downloads/hypeswipe_images/player_screen_0002_Layer-5.png"; sourceTree = "<group>"; };
		A17ECE7717F7D9E900486ABE /* player_screen_0003_Layer-4.png */ = {isa = PBXFileReference; lastKnownFileType = image.png; name = "player_screen_0003_Layer-4.png"; path = "../../../../Downloads/hypeswipe_images/player_screen_0003_Layer-4.png"; sourceTree = "<group>"; };
		A17ECE7817F7D9E900486ABE /* player_screen.png */ = {isa = PBXFileReference; lastKnownFileType = image.png; name = player_screen.png; path = ../../../../Downloads/hypeswipe_images/player_screen.png; sourceTree = "<group>"; };
		A17ECE7917F7D9E900486ABE /* scoreboardicon.png */ = {isa = PBXFileReference; lastKnownFileType = image.png; name = scoreboardicon.png; path = ../../../../Downloads/hypeswipe_images/scoreboardicon.png; sourceTree = "<group>"; };
		A17ECE7A17F7D9E900486ABE /* scoreboardicon2.png */ = {isa = PBXFileReference; lastKnownFileType = image.png; name = scoreboardicon2.png; path = ../../../../Downloads/hypeswipe_images/scoreboardicon2.png; sourceTree = "<group>"; };
		A17ECE7B17F7D9E900486ABE /* splash_screen_0000_by-Aeon-Creations-.png */ = {isa = PBXFileReference; lastKnownFileType = image.png; name = "splash_screen_0000_by-Aeon-Creations-.png"; path = "../../../../Downloads/hypeswipe_images/splash_screen_0000_by-Aeon-Creations-.png"; sourceTree = "<group>"; };
		A17ECE7C17F7D9E900486ABE /* splash_screen_0000_TEST-LEAGUE.png */ = {isa = PBXFileReference; lastKnownFileType = image.png; name = "splash_screen_0000_TEST-LEAGUE.png"; path = "../../../../Downloads/hypeswipe_images/splash_screen_0000_TEST-LEAGUE.png"; sourceTree = "<group>"; };
		A17ECE7D17F7D9E900486ABE /* splash_screen_0001_Layer-3-copy.png */ = {isa = PBXFileReference; lastKnownFileType = image.png; name = "splash_screen_0001_Layer-3-copy.png"; path = "../../../../Downloads/hypeswipe_images/splash_screen_0001_Layer-3-copy.png"; sourceTree = "<group>"; };
		A17ECE7E17F7D9E900486ABE /* splash_screen_0001_Layer-11.png */ = {isa = PBXFileReference; lastKnownFileType = image.png; name = "splash_screen_0001_Layer-11.png"; path = "../../../../Downloads/hypeswipe_images/splash_screen_0001_Layer-11.png"; sourceTree = "<group>"; };
		A17ECE7F17F7D9E900486ABE /* splash_screen_0002_Layer-5.png */ = {isa = PBXFileReference; lastKnownFileType = image.png; name = "splash_screen_0002_Layer-5.png"; path = "../../../../Downloads/hypeswipe_images/splash_screen_0002_Layer-5.png"; sourceTree = "<group>"; };
		A17ECE8017F7D9E900486ABE /* splash_screen_0002_Layer-8.png */ = {isa = PBXFileReference; lastKnownFileType = image.png; name = "splash_screen_0002_Layer-8.png"; path = "../../../../Downloads/hypeswipe_images/splash_screen_0002_Layer-8.png"; sourceTree = "<group>"; };
		A17ECE8117F7D9E900486ABE /* splash_screen_0003_Layer-4.png */ = {isa = PBXFileReference; lastKnownFileType = image.png; name = "splash_screen_0003_Layer-4.png"; path = "../../../../Downloads/hypeswipe_images/splash_screen_0003_Layer-4.png"; sourceTree = "<group>"; };
		A17ECE8217F7D9E900486ABE /* splash_screen_0004_Background.png */ = {isa = PBXFileReference; lastKnownFileType = image.png; name = splash_screen_0004_Background.png; path = ../../../../Downloads/hypeswipe_images/splash_screen_0004_Background.png; sourceTree = "<group>"; };
		A17ECE8317F7D9E900486ABE /* splash_screen_0004_Layer-3.png */ = {isa = PBXFileReference; lastKnownFileType = image.png; name = "splash_screen_0004_Layer-3.png"; path = "../../../../Downloads/hypeswipe_images/splash_screen_0004_Layer-3.png"; sourceTree = "<group>"; };
		A17ECE8417F7D9E900486ABE /* splash_screen_0006_Layer-9.png */ = {isa = PBXFileReference; lastKnownFileType = image.png; name = "splash_screen_0006_Layer-9.png"; path = "../../../../Downloads/hypeswipe_images/splash_screen_0006_Layer-9.png"; sourceTree = "<group>"; };
		A17ECE8517F7D9E900486ABE /* splash_screen_0007_Layer-10.png */ = {isa = PBXFileReference; lastKnownFileType = image.png; name = "splash_screen_0007_Layer-10.png"; path = "../../../../Downloads/hypeswipe_images/splash_screen_0007_Layer-10.png"; sourceTree = "<group>"; };
		A17ECE8617F7D9E900486ABE /* splash_screen_0008_Layer-8-copy-5.png */ = {isa = PBXFileReference; lastKnownFileType = image.png; name = "splash_screen_0008_Layer-8-copy-5.png"; path = "../../../../Downloads/hypeswipe_images/splash_screen_0008_Layer-8-copy-5.png"; sourceTree = "<group>"; };
		A17ECE8717F7D9E900486ABE /* topyahoobar.png */ = {isa = PBXFileReference; lastKnownFileType = image.png; name = topyahoobar.png; path = ../../../../Downloads/hypeswipe_images/topyahoobar.png; sourceTree = "<group>"; };
		A17ECEA517F834C500486ABE /* image3.jpg */ = {isa = PBXFileReference; lastKnownFileType = image.jpeg; name = image3.jpg; path = ../../../image3.jpg; sourceTree = "<group>"; };
		A17ECEA617F834C500486ABE /* image2.jpg */ = {isa = PBXFileReference; lastKnownFileType = image.jpeg; name = image2.jpg; path = ../../../image2.jpg; sourceTree = "<group>"; };
		A17ECEA717F834C500486ABE /* image1.jpg */ = {isa = PBXFileReference; lastKnownFileType = image.jpeg; name = image1.jpg; path = ../../../image1.jpg; sourceTree = "<group>"; };
		A1D3B49617F74E9C007E96E7 /* HypeSwipe.app */ = {isa = PBXFileReference; explicitFileType = wrapper.application; includeInIndex = 0; path = HypeSwipe.app; sourceTree = BUILT_PRODUCTS_DIR; };
		A1D3B49917F74E9C007E96E7 /* UIKit.framework */ = {isa = PBXFileReference; lastKnownFileType = wrapper.framework; name = UIKit.framework; path = System/Library/Frameworks/UIKit.framework; sourceTree = SDKROOT; };
		A1D3B49B17F74E9C007E96E7 /* Foundation.framework */ = {isa = PBXFileReference; lastKnownFileType = wrapper.framework; name = Foundation.framework; path = System/Library/Frameworks/Foundation.framework; sourceTree = SDKROOT; };
		A1D3B49D17F74E9C007E96E7 /* CoreGraphics.framework */ = {isa = PBXFileReference; lastKnownFileType = wrapper.framework; name = CoreGraphics.framework; path = System/Library/Frameworks/CoreGraphics.framework; sourceTree = SDKROOT; };
		A1D3B4A117F74E9C007E96E7 /* HypeSwipe-Info.plist */ = {isa = PBXFileReference; lastKnownFileType = text.plist.xml; path = "HypeSwipe-Info.plist"; sourceTree = "<group>"; };
		A1D3B4A317F74E9C007E96E7 /* en */ = {isa = PBXFileReference; lastKnownFileType = text.plist.strings; name = en; path = en.lproj/InfoPlist.strings; sourceTree = "<group>"; };
		A1D3B4A517F74E9C007E96E7 /* main.m */ = {isa = PBXFileReference; lastKnownFileType = sourcecode.c.objc; path = main.m; sourceTree = "<group>"; };
		A1D3B4A717F74E9C007E96E7 /* HypeSwipe-Prefix.pch */ = {isa = PBXFileReference; lastKnownFileType = sourcecode.c.h; path = "HypeSwipe-Prefix.pch"; sourceTree = "<group>"; };
		A1D3B4A817F74E9C007E96E7 /* HypeSwipeAppDelegate.h */ = {isa = PBXFileReference; lastKnownFileType = sourcecode.c.h; path = HypeSwipeAppDelegate.h; sourceTree = "<group>"; };
		A1D3B4A917F74E9C007E96E7 /* HypeSwipeAppDelegate.m */ = {isa = PBXFileReference; lastKnownFileType = sourcecode.c.objc; path = HypeSwipeAppDelegate.m; sourceTree = "<group>"; };
		A1D3B4AB17F74E9C007E96E7 /* Default.png */ = {isa = PBXFileReference; lastKnownFileType = image.png; path = Default.png; sourceTree = "<group>"; };
		A1D3B4AD17F74E9C007E96E7 /* Default@2x.png */ = {isa = PBXFileReference; lastKnownFileType = image.png; path = "Default@2x.png"; sourceTree = "<group>"; };
		A1D3B4AF17F74E9C007E96E7 /* Default-568h@2x.png */ = {isa = PBXFileReference; lastKnownFileType = image.png; path = "Default-568h@2x.png"; sourceTree = "<group>"; };
		A1D3B4B217F74E9C007E96E7 /* en */ = {isa = PBXFileReference; lastKnownFileType = file.storyboard; name = en; path = en.lproj/MainStoryboard.storyboard; sourceTree = "<group>"; };
		A1D3B4BC17F75072007E96E7 /* Player.h */ = {isa = PBXFileReference; fileEncoding = 4; lastKnownFileType = sourcecode.c.h; name = Player.h; path = Model/Player.h; sourceTree = "<group>"; };
		A1D3B4BD17F75072007E96E7 /* Player.m */ = {isa = PBXFileReference; fileEncoding = 4; lastKnownFileType = sourcecode.c.objc; name = Player.m; path = Model/Player.m; sourceTree = "<group>"; };
		A1D3B4C017F750C4007E96E7 /* PlayerDatabase.h */ = {isa = PBXFileReference; fileEncoding = 4; lastKnownFileType = sourcecode.c.h; path = PlayerDatabase.h; sourceTree = "<group>"; };
		A1D3B4C117F750C4007E96E7 /* PlayerDatabase.m */ = {isa = PBXFileReference; fileEncoding = 4; lastKnownFileType = sourcecode.c.objc; path = PlayerDatabase.m; sourceTree = "<group>"; };
		A1D3B4C317F750DF007E96E7 /* HypeSwipeGame.h */ = {isa = PBXFileReference; fileEncoding = 4; lastKnownFileType = sourcecode.c.h; path = HypeSwipeGame.h; sourceTree = "<group>"; };
		A1D3B4C417F750DF007E96E7 /* HypeSwipeGame.m */ = {isa = PBXFileReference; fileEncoding = 4; lastKnownFileType = sourcecode.c.objc; path = HypeSwipeGame.m; sourceTree = "<group>"; };
		A1D3B4C617F7511C007E96E7 /* PlayerView.h */ = {isa = PBXFileReference; fileEncoding = 4; lastKnownFileType = sourcecode.c.h; path = PlayerView.h; sourceTree = "<group>"; };
		A1D3B4C717F7511C007E96E7 /* PlayerView.m */ = {isa = PBXFileReference; fileEncoding = 4; lastKnownFileType = sourcecode.c.objc; path = PlayerView.m; sourceTree = "<group>"; };
		A1D3B4C917F75177007E96E7 /* HypeSwipeGameView.h */ = {isa = PBXFileReference; fileEncoding = 4; lastKnownFileType = sourcecode.c.h; path = HypeSwipeGameView.h; sourceTree = "<group>"; };
		A1D3B4CA17F75177007E96E7 /* HypeSwipeGameView.m */ = {isa = PBXFileReference; fileEncoding = 4; lastKnownFileType = sourcecode.c.objc; path = HypeSwipeGameView.m; sourceTree = "<group>"; };
		A1D3B4CC17F751A6007E96E7 /* HypeSwipeGameVC.h */ = {isa = PBXFileReference; fileEncoding = 4; lastKnownFileType = sourcecode.c.h; path = HypeSwipeGameVC.h; sourceTree = "<group>"; };
		A1D3B4CD17F751A7007E96E7 /* HypeSwipeGameVC.m */ = {isa = PBXFileReference; fileEncoding = 4; lastKnownFileType = sourcecode.c.objc; path = HypeSwipeGameVC.m; sourceTree = "<group>"; };
		A1D3B4CF17F75C03007E96E7 /* ScoreboardTVC.h */ = {isa = PBXFileReference; fileEncoding = 4; lastKnownFileType = sourcecode.c.h; path = ScoreboardTVC.h; sourceTree = "<group>"; };
		A1D3B4D017F75C03007E96E7 /* ScoreboardTVC.m */ = {isa = PBXFileReference; fileEncoding = 4; lastKnownFileType = sourcecode.c.objc; path = ScoreboardTVC.m; sourceTree = "<group>"; };
		B71F8A5E17F8423800F6BDC6 /* backgroundgradient.png */ = {isa = PBXFileReference; lastKnownFileType = file; name = backgroundgradient.png; path = "../../../../../Downloads/hypeswipe_images-1/backgroundgradient.png"; sourceTree = "<group>"; };
		B71F8A5F17F8423800F6BDC6 /* icon.psd */ = {isa = PBXFileReference; lastKnownFileType = file; name = icon.psd; path = "../../../../../Downloads/hypeswipe_images-1/icon.psd"; sourceTree = "<group>"; };
		B71F8A6017F8423800F6BDC6 /* league_screen_0000_TEST-LEAGUE.png */ = {isa = PBXFileReference; lastKnownFileType = file; name = "league_screen_0000_TEST-LEAGUE.png"; path = "../../../../../Downloads/hypeswipe_images-1/league_screen_0000_TEST-LEAGUE.png"; sourceTree = "<group>"; };
		B71F8A6117F8423800F6BDC6 /* league_screen_0001_Layer-11.png */ = {isa = PBXFileReference; lastKnownFileType = file; name = "league_screen_0001_Layer-11.png"; path = "../../../../../Downloads/hypeswipe_images-1/league_screen_0001_Layer-11.png"; sourceTree = "<group>"; };
		B71F8A6217F8423800F6BDC6 /* league_screen_0002_Layer-8.png */ = {isa = PBXFileReference; lastKnownFileType = file; name = "league_screen_0002_Layer-8.png"; path = "../../../../../Downloads/hypeswipe_images-1/league_screen_0002_Layer-8.png"; sourceTree = "<group>"; };
		B71F8A6317F8423800F6BDC6 /* league_screen.png */ = {isa = PBXFileReference; lastKnownFileType = file; name = league_screen.png; path = "../../../../../Downloads/hypeswipe_images-1/league_screen.png"; sourceTree = "<group>"; };
		B71F8A6417F8423800F6BDC6 /* player_screen_0000_by-Aeon-Creations-.png */ = {isa = PBXFileReference; lastKnownFileType = file; name = "player_screen_0000_by-Aeon-Creations-.png"; path = "../../../../../Downloads/hypeswipe_images-1/player_screen_0000_by-Aeon-Creations-.png"; sourceTree = "<group>"; };
		B71F8A6517F8423800F6BDC6 /* player_screen_0000_Layer-3.png */ = {isa = PBXFileReference; lastKnownFileType = file; name = "player_screen_0000_Layer-3.png"; path = "../../../../../Downloads/hypeswipe_images-1/player_screen_0000_Layer-3.png"; sourceTree = "<group>"; };
		B71F8A6617F8423800F6BDC6 /* player_screen_0001_Layer-3-copy.png */ = {isa = PBXFileReference; lastKnownFileType = file; name = "player_screen_0001_Layer-3-copy.png"; path = "../../../../../Downloads/hypeswipe_images-1/player_screen_0001_Layer-3-copy.png"; sourceTree = "<group>"; };
		B71F8A6717F8423800F6BDC6 /* player_screen_0002_Layer-5.png */ = {isa = PBXFileReference; lastKnownFileType = file; name = "player_screen_0002_Layer-5.png"; path = "../../../../../Downloads/hypeswipe_images-1/player_screen_0002_Layer-5.png"; sourceTree = "<group>"; };
		B71F8A6817F8423800F6BDC6 /* player_screen_0003_Layer-4.png */ = {isa = PBXFileReference; lastKnownFileType = file; name = "player_screen_0003_Layer-4.png"; path = "../../../../../Downloads/hypeswipe_images-1/player_screen_0003_Layer-4.png"; sourceTree = "<group>"; };
		B71F8A6917F8423800F6BDC6 /* player_screen.png */ = {isa = PBXFileReference; lastKnownFileType = file; name = player_screen.png; path = "../../../../../Downloads/hypeswipe_images-1/player_screen.png"; sourceTree = "<group>"; };
		B71F8A6A17F8423800F6BDC6 /* scoreboard_background2.png */ = {isa = PBXFileReference; lastKnownFileType = file; name = scoreboard_background2.png; path = "../../../../../Downloads/hypeswipe_images-1/scoreboard_background2.png"; sourceTree = "<group>"; };
		B71F8A6B17F8423800F6BDC6 /* scoreboard.png */ = {isa = PBXFileReference; lastKnownFileType = file; name = scoreboard.png; path = "../../../../../Downloads/hypeswipe_images-1/scoreboard.png"; sourceTree = "<group>"; };
		B71F8A6C17F8423800F6BDC6 /* splash_screen_0000_by-Aeon-Creations-.png */ = {isa = PBXFileReference; lastKnownFileType = file; name = "splash_screen_0000_by-Aeon-Creations-.png"; path = "../../../../../Downloads/hypeswipe_images-1/splash_screen_0000_by-Aeon-Creations-.png"; sourceTree = "<group>"; };
		B71F8A6D17F8423800F6BDC6 /* splash_screen_0000_TEST-LEAGUE.png */ = {isa = PBXFileReference; lastKnownFileType = file; name = "splash_screen_0000_TEST-LEAGUE.png"; path = "../../../../../Downloads/hypeswipe_images-1/splash_screen_0000_TEST-LEAGUE.png"; sourceTree = "<group>"; };
		B71F8A6E17F8423800F6BDC6 /* splash_screen_0001_Layer-3-copy.png */ = {isa = PBXFileReference; lastKnownFileType = file; name = "splash_screen_0001_Layer-3-copy.png"; path = "../../../../../Downloads/hypeswipe_images-1/splash_screen_0001_Layer-3-copy.png"; sourceTree = "<group>"; };
		B71F8A6F17F8423800F6BDC6 /* splash_screen_0001_Layer-11.png */ = {isa = PBXFileReference; lastKnownFileType = file; name = "splash_screen_0001_Layer-11.png"; path = "../../../../../Downloads/hypeswipe_images-1/splash_screen_0001_Layer-11.png"; sourceTree = "<group>"; };
		B71F8A7017F8423800F6BDC6 /* splash_screen_0002_Layer-5.png */ = {isa = PBXFileReference; lastKnownFileType = file; name = "splash_screen_0002_Layer-5.png"; path = "../../../../../Downloads/hypeswipe_images-1/splash_screen_0002_Layer-5.png"; sourceTree = "<group>"; };
		B71F8A7117F8423800F6BDC6 /* splash_screen_0002_Layer-8.png */ = {isa = PBXFileReference; lastKnownFileType = file; name = "splash_screen_0002_Layer-8.png"; path = "../../../../../Downloads/hypeswipe_images-1/splash_screen_0002_Layer-8.png"; sourceTree = "<group>"; };
		B71F8A7217F8423800F6BDC6 /* splash_screen_0003_Layer-4.png */ = {isa = PBXFileReference; lastKnownFileType = file; name = "splash_screen_0003_Layer-4.png"; path = "../../../../../Downloads/hypeswipe_images-1/splash_screen_0003_Layer-4.png"; sourceTree = "<group>"; };
		B71F8A7317F8423800F6BDC6 /* splash_screen_0004_Background.png */ = {isa = PBXFileReference; lastKnownFileType = file; name = splash_screen_0004_Background.png; path = "../../../../../Downloads/hypeswipe_images-1/splash_screen_0004_Background.png"; sourceTree = "<group>"; };
		B71F8A7417F8423800F6BDC6 /* splash_screen_0004_Layer-3.png */ = {isa = PBXFileReference; lastKnownFileType = file; name = "splash_screen_0004_Layer-3.png"; path = "../../../../../Downloads/hypeswipe_images-1/splash_screen_0004_Layer-3.png"; sourceTree = "<group>"; };
		B71F8A7517F8423800F6BDC6 /* splash_screen_0005_Layer-5.png */ = {isa = PBXFileReference; lastKnownFileType = file; name = "splash_screen_0005_Layer-5.png"; path = "../../../../../Downloads/hypeswipe_images-1/splash_screen_0005_Layer-5.png"; sourceTree = "<group>"; };
		B71F8A7617F8423800F6BDC6 /* splash_screen_0006_Layer-9.png */ = {isa = PBXFileReference; lastKnownFileType = file; name = "splash_screen_0006_Layer-9.png"; path = "../../../../../Downloads/hypeswipe_images-1/splash_screen_0006_Layer-9.png"; sourceTree = "<group>"; };
		B71F8A7717F8423800F6BDC6 /* splash_screen_0007_Layer-10.png */ = {isa = PBXFileReference; lastKnownFileType = file; name = "splash_screen_0007_Layer-10.png"; path = "../../../../../Downloads/hypeswipe_images-1/splash_screen_0007_Layer-10.png"; sourceTree = "<group>"; };
		B71F8A7817F8423800F6BDC6 /* topyahoobar.png */ = {isa = PBXFileReference; lastKnownFileType = file; name = topyahoobar.png; path = "../../../../../Downloads/hypeswipe_images-1/topyahoobar.png"; sourceTree = "<group>"; };
		B71F8A9417F8424E00F6BDC6 /* helmet.png */ = {isa = PBXFileReference; lastKnownFileType = image.png; name = helmet.png; path = ../../../../../Downloads/helmet.png; sourceTree = "<group>"; };
		B71F8A9617F8425B00F6BDC6 /* helmet3.png */ = {isa = PBXFileReference; lastKnownFileType = image.png; name = helmet3.png; path = ../../../../../Downloads/helmet3.png; sourceTree = "<group>"; };
		B71F8A9817F84DE300F6BDC6 /* image1.png */ = {isa = PBXFileReference; lastKnownFileType = image.png; name = image1.png; path = ../../../../../Downloads/image1.png; sourceTree = "<group>"; };
		B71F8A9A17F84DE900F6BDC6 /* image2.png */ = {isa = PBXFileReference; lastKnownFileType = image.png; name = image2.png; path = ../../../../../Downloads/image2.png; sourceTree = "<group>"; };
		B71F8A9C17F84DEE00F6BDC6 /* image3.png */ = {isa = PBXFileReference; lastKnownFileType = image.png; name = image3.png; path = ../../../../../Downloads/image3.png; sourceTree = "<group>"; };
		B71F8AA217F8843C00F6BDC6 /* Player Images */ = {isa = PBXFileReference; lastKnownFileType = folder; path = "Player Images"; sourceTree = "<group>"; };
		B7C8C6CF17F77AEB003B0FA1 /* SplashViewController.h */ = {isa = PBXFileReference; fileEncoding = 4; lastKnownFileType = sourcecode.c.h; name = SplashViewController.h; path = ../SplashViewController.h; sourceTree = "<group>"; };
		B7C8C6D017F77AEB003B0FA1 /* SplashViewController.m */ = {isa = PBXFileReference; fileEncoding = 4; lastKnownFileType = sourcecode.c.objc; name = SplashViewController.m; path = ../SplashViewController.m; sourceTree = "<group>"; };
		B7C8C6D217F77B61003B0FA1 /* QuartzCore.framework */ = {isa = PBXFileReference; lastKnownFileType = wrapper.framework; name = QuartzCore.framework; path = System/Library/Frameworks/QuartzCore.framework; sourceTree = SDKROOT; };
/* End PBXFileReference section */

/* Begin PBXFrameworksBuildPhase section */
		A1D3B49317F74E9C007E96E7 /* Frameworks */ = {
			isa = PBXFrameworksBuildPhase;
			buildActionMask = 2147483647;
			files = (
				B7C8C6D317F77B61003B0FA1 /* QuartzCore.framework in Frameworks */,
				A1D3B49A17F74E9C007E96E7 /* UIKit.framework in Frameworks */,
				A1D3B49C17F74E9C007E96E7 /* Foundation.framework in Frameworks */,
				A1D3B49E17F74E9C007E96E7 /* CoreGraphics.framework in Frameworks */,
			);
			runOnlyForDeploymentPostprocessing = 0;
		};
/* End PBXFrameworksBuildPhase section */

/* Begin PBXGroup section */
		A1D3B48D17F74E9B007E96E7 = {
			isa = PBXGroup;
			children = (
				A1D3B49F17F74E9C007E96E7 /* HypeSwipe */,
				A1D3B49817F74E9C007E96E7 /* Frameworks */,
				A1D3B49717F74E9C007E96E7 /* Products */,
			);
			sourceTree = "<group>";
		};
		A1D3B49717F74E9C007E96E7 /* Products */ = {
			isa = PBXGroup;
			children = (
				A1D3B49617F74E9C007E96E7 /* HypeSwipe.app */,
			);
			name = Products;
			sourceTree = "<group>";
		};
		A1D3B49817F74E9C007E96E7 /* Frameworks */ = {
			isa = PBXGroup;
			children = (
				B7C8C6D217F77B61003B0FA1 /* QuartzCore.framework */,
				A1D3B49917F74E9C007E96E7 /* UIKit.framework */,
				A1D3B49B17F74E9C007E96E7 /* Foundation.framework */,
				A1D3B49D17F74E9C007E96E7 /* CoreGraphics.framework */,
			);
			name = Frameworks;
			sourceTree = "<group>";
		};
		A1D3B49F17F74E9C007E96E7 /* HypeSwipe */ = {
			isa = PBXGroup;
			children = (
				B7C8C6CF17F77AEB003B0FA1 /* SplashViewController.h */,
				B7C8C6D017F77AEB003B0FA1 /* SplashViewController.m */,
				A1D3B4B117F74E9C007E96E7 /* MainStoryboard.storyboard */,
				A1D3B4D217F75C0E007E96E7 /* Scoreboard */,
				A1D3B4D317F75C21007E96E7 /* HypeSwipeGame */,
				A1D3B4BF17F7508E007E96E7 /* Model */,
				A1D3B4A017F74E9C007E96E7 /* Supporting Files */,
			);
			path = HypeSwipe;
			sourceTree = "<group>";
		};
		A1D3B4A017F74E9C007E96E7 /* Supporting Files */ = {
			isa = PBXGroup;
			children = (
				B71F8AA217F8843C00F6BDC6 /* Player Images */,
				B71F8A9E17F8683B00F6BDC6 /* HypeImages */,
			);
			name = "Supporting Files";
			sourceTree = "<group>";
		};
		A1D3B4BF17F7508E007E96E7 /* Model */ = {
			isa = PBXGroup;
			children = (
				A1D3B4BC17F75072007E96E7 /* Player.h */,
				A1D3B4BD17F75072007E96E7 /* Player.m */,
				A1D3B4C017F750C4007E96E7 /* PlayerDatabase.h */,
				A1D3B4C117F750C4007E96E7 /* PlayerDatabase.m */,
				A1D3B4C317F750DF007E96E7 /* HypeSwipeGame.h */,
				A1D3B4C417F750DF007E96E7 /* HypeSwipeGame.m */,
			);
			name = Model;
			sourceTree = "<group>";
		};
		A1D3B4D217F75C0E007E96E7 /* Scoreboard */ = {
			isa = PBXGroup;
			children = (
				A1D3B4CF17F75C03007E96E7 /* ScoreboardTVC.h */,
				A1D3B4D017F75C03007E96E7 /* ScoreboardTVC.m */,
			);
			name = Scoreboard;
			sourceTree = "<group>";
		};
		A1D3B4D317F75C21007E96E7 /* HypeSwipeGame */ = {
			isa = PBXGroup;
			children = (
				A1D3B4C917F75177007E96E7 /* HypeSwipeGameView.h */,
				A1D3B4CA17F75177007E96E7 /* HypeSwipeGameView.m */,
				A1D3B4CC17F751A6007E96E7 /* HypeSwipeGameVC.h */,
				A1D3B4CD17F751A7007E96E7 /* HypeSwipeGameVC.m */,
				A1D3B4C617F7511C007E96E7 /* PlayerView.h */,
				A1D3B4C717F7511C007E96E7 /* PlayerView.m */,
			);
			name = HypeSwipeGame;
			sourceTree = "<group>";
		};
		B71F8A9E17F8683B00F6BDC6 /* HypeImages */ = {
			isa = PBXGroup;
			children = (
				B71F8A5E17F8423800F6BDC6 /* backgroundgradient.png */,
				B71F8A9817F84DE300F6BDC6 /* image1.png */,
				B71F8A9A17F84DE900F6BDC6 /* image2.png */,
				B71F8A9C17F84DEE00F6BDC6 /* image3.png */,
				B71F8A5F17F8423800F6BDC6 /* icon.psd */,
				B71F8A6017F8423800F6BDC6 /* league_screen_0000_TEST-LEAGUE.png */,
				B71F8A6117F8423800F6BDC6 /* league_screen_0001_Layer-11.png */,
				B71F8A6217F8423800F6BDC6 /* league_screen_0002_Layer-8.png */,
				B71F8A6317F8423800F6BDC6 /* league_screen.png */,
				B71F8A6417F8423800F6BDC6 /* player_screen_0000_by-Aeon-Creations-.png */,
				B71F8A6517F8423800F6BDC6 /* player_screen_0000_Layer-3.png */,
				B71F8A6617F8423800F6BDC6 /* player_screen_0001_Layer-3-copy.png */,
				B71F8A6717F8423800F6BDC6 /* player_screen_0002_Layer-5.png */,
				B71F8A6817F8423800F6BDC6 /* player_screen_0003_Layer-4.png */,
				B71F8A6917F8423800F6BDC6 /* player_screen.png */,
				B71F8A6A17F8423800F6BDC6 /* scoreboard_background2.png */,
				B71F8A6B17F8423800F6BDC6 /* scoreboard.png */,
				B71F8A6C17F8423800F6BDC6 /* splash_screen_0000_by-Aeon-Creations-.png */,
				B71F8A6D17F8423800F6BDC6 /* splash_screen_0000_TEST-LEAGUE.png */,
				B71F8A6E17F8423800F6BDC6 /* splash_screen_0001_Layer-3-copy.png */,
				B71F8A6F17F8423800F6BDC6 /* splash_screen_0001_Layer-11.png */,
				B71F8A7017F8423800F6BDC6 /* splash_screen_0002_Layer-5.png */,
				B71F8A7117F8423800F6BDC6 /* splash_screen_0002_Layer-8.png */,
				B71F8A7217F8423800F6BDC6 /* splash_screen_0003_Layer-4.png */,
				B71F8A9617F8425B00F6BDC6 /* helmet3.png */,
				B71F8A7317F8423800F6BDC6 /* splash_screen_0004_Background.png */,
				B71F8A9417F8424E00F6BDC6 /* helmet.png */,
				B71F8A7417F8423800F6BDC6 /* splash_screen_0004_Layer-3.png */,
				B71F8A7517F8423800F6BDC6 /* splash_screen_0005_Layer-5.png */,
				B71F8A7617F8423800F6BDC6 /* splash_screen_0006_Layer-9.png */,
				B71F8A7717F8423800F6BDC6 /* splash_screen_0007_Layer-10.png */,
				B71F8A7817F8423800F6BDC6 /* topyahoobar.png */,
				A1D3B4A817F74E9C007E96E7 /* HypeSwipeAppDelegate.h */,
				A1D3B4A917F74E9C007E96E7 /* HypeSwipeAppDelegate.m */,
				A1D3B4A117F74E9C007E96E7 /* HypeSwipe-Info.plist */,
				A1D3B4A217F74E9C007E96E7 /* InfoPlist.strings */,
				A1D3B4A517F74E9C007E96E7 /* main.m */,
				A1D3B4A717F74E9C007E96E7 /* HypeSwipe-Prefix.pch */,
				A1D3B4AB17F74E9C007E96E7 /* Default.png */,
				A1D3B4AD17F74E9C007E96E7 /* Default@2x.png */,
				A1D3B4AF17F74E9C007E96E7 /* Default-568h@2x.png */,
				B71F8AA117F868DE00F6BDC6 /* New Group */,
			);
			name = HypeImages;
			sourceTree = "<group>";
		};
		B71F8AA117F868DE00F6BDC6 /* New Group */ = {
			isa = PBXGroup;
			children = (
			);
			name = "New Group";
			sourceTree = "<group>";
		};
/* End PBXGroup section */

/* Begin PBXNativeTarget section */
		A1D3B49517F74E9C007E96E7 /* HypeSwipe */ = {
			isa = PBXNativeTarget;
			buildConfigurationList = A1D3B4B917F74E9C007E96E7 /* Build configuration list for PBXNativeTarget "HypeSwipe" */;
			buildPhases = (
				A1D3B49217F74E9C007E96E7 /* Sources */,
				A1D3B49317F74E9C007E96E7 /* Frameworks */,
				A1D3B49417F74E9C007E96E7 /* Resources */,
			);
			buildRules = (
			);
			dependencies = (
			);
			name = HypeSwipe;
			productName = HypeSwipe;
			productReference = A1D3B49617F74E9C007E96E7 /* HypeSwipe.app */;
			productType = "com.apple.product-type.application";
		};
/* End PBXNativeTarget section */

/* Begin PBXProject section */
		A1D3B48E17F74E9B007E96E7 /* Project object */ = {
			isa = PBXProject;
			attributes = {
				CLASSPREFIX = HypeSwipe;
				LastUpgradeCheck = 0460;
				ORGANIZATIONNAME = Aeon;
			};
			buildConfigurationList = A1D3B49117F74E9B007E96E7 /* Build configuration list for PBXProject "HypeSwipe" */;
			compatibilityVersion = "Xcode 3.2";
			developmentRegion = English;
			hasScannedForEncodings = 0;
			knownRegions = (
				en,
			);
			mainGroup = A1D3B48D17F74E9B007E96E7;
			productRefGroup = A1D3B49717F74E9C007E96E7 /* Products */;
			projectDirPath = "";
			projectRoot = "";
			targets = (
				A1D3B49517F74E9C007E96E7 /* HypeSwipe */,
			);
		};
/* End PBXProject section */

/* Begin PBXResourcesBuildPhase section */
		A1D3B49417F74E9C007E96E7 /* Resources */ = {
			isa = PBXResourcesBuildPhase;
			buildActionMask = 2147483647;
			files = (
				A1D3B4A417F74E9C007E96E7 /* InfoPlist.strings in Resources */,
				A1D3B4AC17F74E9C007E96E7 /* Default.png in Resources */,
				A1D3B4AE17F74E9C007E96E7 /* Default@2x.png in Resources */,
				A1D3B4B017F74E9C007E96E7 /* Default-568h@2x.png in Resources */,
				A1D3B4B317F74E9C007E96E7 /* MainStoryboard.storyboard in Resources */,
				B71F8A7917F8423800F6BDC6 /* backgroundgradient.png in Resources */,
				B71F8A7A17F8423800F6BDC6 /* icon.psd in Resources */,
				B71F8A7B17F8423800F6BDC6 /* league_screen_0000_TEST-LEAGUE.png in Resources */,
				B71F8A7C17F8423800F6BDC6 /* league_screen_0001_Layer-11.png in Resources */,
				B71F8A7D17F8423800F6BDC6 /* league_screen_0002_Layer-8.png in Resources */,
				B71F8A7E17F8423800F6BDC6 /* league_screen.png in Resources */,
				B71F8A7F17F8423800F6BDC6 /* player_screen_0000_by-Aeon-Creations-.png in Resources */,
				B71F8A8017F8423800F6BDC6 /* player_screen_0000_Layer-3.png in Resources */,
				B71F8A8117F8423800F6BDC6 /* player_screen_0001_Layer-3-copy.png in Resources */,
				B71F8A8217F8423800F6BDC6 /* player_screen_0002_Layer-5.png in Resources */,
				B71F8A8317F8423800F6BDC6 /* player_screen_0003_Layer-4.png in Resources */,
				B71F8A8417F8423800F6BDC6 /* player_screen.png in Resources */,
				B71F8A8517F8423800F6BDC6 /* scoreboard_background2.png in Resources */,
				B71F8A8617F8423800F6BDC6 /* scoreboard.png in Resources */,
				B71F8A8717F8423800F6BDC6 /* splash_screen_0000_by-Aeon-Creations-.png in Resources */,
				B71F8A8817F8423800F6BDC6 /* splash_screen_0000_TEST-LEAGUE.png in Resources */,
				B71F8A8917F8423800F6BDC6 /* splash_screen_0001_Layer-3-copy.png in Resources */,
				B71F8A8A17F8423800F6BDC6 /* splash_screen_0001_Layer-11.png in Resources */,
				B71F8A8B17F8423800F6BDC6 /* splash_screen_0002_Layer-5.png in Resources */,
				B71F8A8C17F8423800F6BDC6 /* splash_screen_0002_Layer-8.png in Resources */,
				B71F8A8D17F8423800F6BDC6 /* splash_screen_0003_Layer-4.png in Resources */,
				B71F8A8E17F8423800F6BDC6 /* splash_screen_0004_Background.png in Resources */,
				B71F8A8F17F8423800F6BDC6 /* splash_screen_0004_Layer-3.png in Resources */,
				B71F8A9017F8423800F6BDC6 /* splash_screen_0005_Layer-5.png in Resources */,
				B71F8A9117F8423800F6BDC6 /* splash_screen_0006_Layer-9.png in Resources */,
				B71F8A9217F8423800F6BDC6 /* splash_screen_0007_Layer-10.png in Resources */,
				B71F8A9317F8423800F6BDC6 /* topyahoobar.png in Resources */,
				B71F8A9517F8424E00F6BDC6 /* helmet.png in Resources */,
				B71F8A9717F8425B00F6BDC6 /* helmet3.png in Resources */,
				B71F8A9917F84DE300F6BDC6 /* image1.png in Resources */,
				B71F8A9B17F84DE900F6BDC6 /* image2.png in Resources */,
				B71F8A9D17F84DEE00F6BDC6 /* image3.png in Resources */,
				B71F8AA317F8843C00F6BDC6 /* Player Images in Resources */,
			);
			runOnlyForDeploymentPostprocessing = 0;
		};
/* End PBXResourcesBuildPhase section */

/* Begin PBXSourcesBuildPhase section */
		A1D3B49217F74E9C007E96E7 /* Sources */ = {
			isa = PBXSourcesBuildPhase;
			buildActionMask = 2147483647;
			files = (
				A1D3B4A617F74E9C007E96E7 /* main.m in Sources */,
				A1D3B4AA17F74E9C007E96E7 /* HypeSwipeAppDelegate.m in Sources */,
				A1D3B4BE17F75072007E96E7 /* Player.m in Sources */,
				A1D3B4C217F750C4007E96E7 /* PlayerDatabase.m in Sources */,
				A1D3B4C517F750DF007E96E7 /* HypeSwipeGame.m in Sources */,
				A1D3B4C817F7511C007E96E7 /* PlayerView.m in Sources */,
				A1D3B4CB17F75177007E96E7 /* HypeSwipeGameView.m in Sources */,
				A1D3B4CE17F751A7007E96E7 /* HypeSwipeGameVC.m in Sources */,
				A1D3B4D117F75C03007E96E7 /* ScoreboardTVC.m in Sources */,
				B7C8C6D117F77AEB003B0FA1 /* SplashViewController.m in Sources */,
			);
			runOnlyForDeploymentPostprocessing = 0;
		};
/* End PBXSourcesBuildPhase section */

/* Begin PBXVariantGroup section */
		A1D3B4A217F74E9C007E96E7 /* InfoPlist.strings */ = {
			isa = PBXVariantGroup;
			children = (
				A1D3B4A317F74E9C007E96E7 /* en */,
			);
			name = InfoPlist.strings;
			sourceTree = "<group>";
		};
		A1D3B4B117F74E9C007E96E7 /* MainStoryboard.storyboard */ = {
			isa = PBXVariantGroup;
			children = (
				A1D3B4B217F74E9C007E96E7 /* en */,
			);
			name = MainStoryboard.storyboard;
			sourceTree = "<group>";
		};
/* End PBXVariantGroup section */

/* Begin XCBuildConfiguration section */
		A1D3B4B717F74E9C007E96E7 /* Debug */ = {
			isa = XCBuildConfiguration;
			buildSettings = {
				ALWAYS_SEARCH_USER_PATHS = NO;
				CLANG_CXX_LANGUAGE_STANDARD = "gnu++0x";
				CLANG_CXX_LIBRARY = "libc++";
				CLANG_ENABLE_OBJC_ARC = YES;
				CLANG_WARN_CONSTANT_CONVERSION = YES;
				CLANG_WARN_EMPTY_BODY = YES;
				CLANG_WARN_ENUM_CONVERSION = YES;
				CLANG_WARN_INT_CONVERSION = YES;
				CLANG_WARN__DUPLICATE_METHOD_MATCH = YES;
				"CODE_SIGN_IDENTITY[sdk=iphoneos*]" = "iPhone Developer";
				COPY_PHASE_STRIP = NO;
				GCC_C_LANGUAGE_STANDARD = gnu99;
				GCC_DYNAMIC_NO_PIC = NO;
				GCC_OPTIMIZATION_LEVEL = 0;
				GCC_PREPROCESSOR_DEFINITIONS = (
					"DEBUG=1",
					"$(inherited)",
				);
				GCC_SYMBOLS_PRIVATE_EXTERN = NO;
				GCC_WARN_ABOUT_RETURN_TYPE = YES;
				GCC_WARN_UNINITIALIZED_AUTOS = YES;
				GCC_WARN_UNUSED_VARIABLE = YES;
				IPHONEOS_DEPLOYMENT_TARGET = 6.1;
				ONLY_ACTIVE_ARCH = YES;
				SDKROOT = iphoneos;
			};
			name = Debug;
		};
		A1D3B4B817F74E9C007E96E7 /* Release */ = {
			isa = XCBuildConfiguration;
			buildSettings = {
				ALWAYS_SEARCH_USER_PATHS = NO;
				CLANG_CXX_LANGUAGE_STANDARD = "gnu++0x";
				CLANG_CXX_LIBRARY = "libc++";
				CLANG_ENABLE_OBJC_ARC = YES;
				CLANG_WARN_CONSTANT_CONVERSION = YES;
				CLANG_WARN_EMPTY_BODY = YES;
				CLANG_WARN_ENUM_CONVERSION = YES;
				CLANG_WARN_INT_CONVERSION = YES;
				CLANG_WARN__DUPLICATE_METHOD_MATCH = YES;
				"CODE_SIGN_IDENTITY[sdk=iphoneos*]" = "iPhone Developer";
				COPY_PHASE_STRIP = YES;
				GCC_C_LANGUAGE_STANDARD = gnu99;
				GCC_WARN_ABOUT_RETURN_TYPE = YES;
				GCC_WARN_UNINITIALIZED_AUTOS = YES;
				GCC_WARN_UNUSED_VARIABLE = YES;
				IPHONEOS_DEPLOYMENT_TARGET = 6.1;
				OTHER_CFLAGS = "-DNS_BLOCK_ASSERTIONS=1";
				SDKROOT = iphoneos;
				VALIDATE_PRODUCT = YES;
			};
			name = Release;
		};
		A1D3B4BA17F74E9C007E96E7 /* Debug */ = {
			isa = XCBuildConfiguration;
			buildSettings = {
				GCC_PRECOMPILE_PREFIX_HEADER = YES;
				GCC_PREFIX_HEADER = "HypeSwipe/HypeSwipe-Prefix.pch";
				INFOPLIST_FILE = "HypeSwipe/HypeSwipe-Info.plist";
				PRODUCT_NAME = "$(TARGET_NAME)";
				WRAPPER_EXTENSION = app;
			};
			name = Debug;
		};
		A1D3B4BB17F74E9C007E96E7 /* Release */ = {
			isa = XCBuildConfiguration;
			buildSettings = {
				GCC_PRECOMPILE_PREFIX_HEADER = YES;
				GCC_PREFIX_HEADER = "HypeSwipe/HypeSwipe-Prefix.pch";
				INFOPLIST_FILE = "HypeSwipe/HypeSwipe-Info.plist";
				PRODUCT_NAME = "$(TARGET_NAME)";
				WRAPPER_EXTENSION = app;
			};
			name = Release;
		};
/* End XCBuildConfiguration section */

/* Begin XCConfigurationList section */
		A1D3B49117F74E9B007E96E7 /* Build configuration list for PBXProject "HypeSwipe" */ = {
			isa = XCConfigurationList;
			buildConfigurations = (
				A1D3B4B717F74E9C007E96E7 /* Debug */,
				A1D3B4B817F74E9C007E96E7 /* Release */,
			);
			defaultConfigurationIsVisible = 0;
			defaultConfigurationName = Release;
		};
		A1D3B4B917F74E9C007E96E7 /* Build configuration list for PBXNativeTarget "HypeSwipe" */ = {
			isa = XCConfigurationList;
			buildConfigurations = (
				A1D3B4BA17F74E9C007E96E7 /* Debug */,
				A1D3B4BB17F74E9C007E96E7 /* Release */,
			);
			defaultConfigurationIsVisible = 0;
			defaultConfigurationName = Release;
		};
/* End XCConfigurationList section */
	};
	rootObject = A1D3B48E17F74E9B007E96E7 /* Project object */;
}
